// !$*UTF8*$!
{
	archiveVersion = 1;
	classes = {
	};
	objectVersion = 46;
	objects = {

/* Begin PBXBuildFile section */
		4A8C68BD083E61D0285280B6 /* libPods-FlightReservationSystemUITests.a in Frameworks */ = {isa = PBXBuildFile; fileRef = 821378488612395854C0B85A /* libPods-FlightReservationSystemUITests.a */; };
		B2DD70F197E3761F4D343DFF /* libPods-FlightReservationSystemTests.a in Frameworks */ = {isa = PBXBuildFile; fileRef = C1514D42E35107C609F22733 /* libPods-FlightReservationSystemTests.a */; };
		B6019EAF1C0A7FAE006BBE92 /* FRSReservationStep2Viewcontroller.m in Sources */ = {isa = PBXBuildFile; fileRef = B6019EAE1C0A7FAE006BBE92 /* FRSReservationStep2Viewcontroller.m */; };
		B6F5732E1C0677010049594A /* FRSAdminHomeViewController.m in Sources */ = {isa = PBXBuildFile; fileRef = B6F5732D1C0677010049594A /* FRSAdminHomeViewController.m */; };
		B6F573311C0680130049594A /* FRSAdminAddFlightViewController.m in Sources */ = {isa = PBXBuildFile; fileRef = B6F573301C0680130049594A /* FRSAdminAddFlightViewController.m */; };
		B6F573341C0684890049594A /* FRSAdminAddAirportViewController.m in Sources */ = {isa = PBXBuildFile; fileRef = B6F573331C0684890049594A /* FRSAdminAddAirportViewController.m */; };
		D22C7374AB359237CAD14F69 /* libPods-FlightReservationSystem.a in Frameworks */ = {isa = PBXBuildFile; fileRef = 7BC2F52DB5B3D81560E753A5 /* libPods-FlightReservationSystem.a */; };
		F204D1DC1BD60460000C164B /* main.m in Sources */ = {isa = PBXBuildFile; fileRef = F204D1DB1BD60460000C164B /* main.m */; };
		F204D1DF1BD60460000C164B /* AppDelegate.m in Sources */ = {isa = PBXBuildFile; fileRef = F204D1DE1BD60460000C164B /* AppDelegate.m */; };
		F204D1E21BD60460000C164B /* FRSLandingViewController.m in Sources */ = {isa = PBXBuildFile; fileRef = F204D1E11BD60460000C164B /* FRSLandingViewController.m */; };
		F204D1E51BD60460000C164B /* Main.storyboard in Resources */ = {isa = PBXBuildFile; fileRef = F204D1E31BD60460000C164B /* Main.storyboard */; };
		F204D1E81BD60460000C164B /* FlightReservationSystem.xcdatamodeld in Sources */ = {isa = PBXBuildFile; fileRef = F204D1E61BD60460000C164B /* FlightReservationSystem.xcdatamodeld */; };
		F204D1EA1BD60460000C164B /* Assets.xcassets in Resources */ = {isa = PBXBuildFile; fileRef = F204D1E91BD60460000C164B /* Assets.xcassets */; };
		F204D1ED1BD60460000C164B /* LaunchScreen.storyboard in Resources */ = {isa = PBXBuildFile; fileRef = F204D1EB1BD60460000C164B /* LaunchScreen.storyboard */; };
		F204D1F81BD60460000C164B /* FlightReservationSystemTests.m in Sources */ = {isa = PBXBuildFile; fileRef = F204D1F71BD60460000C164B /* FlightReservationSystemTests.m */; };
		F204D2031BD60460000C164B /* FlightReservationSystemUITests.m in Sources */ = {isa = PBXBuildFile; fileRef = F204D2021BD60460000C164B /* FlightReservationSystemUITests.m */; };
		F222FAF21C0A8281001F6919 /* FRSFlightInfoView.m in Sources */ = {isa = PBXBuildFile; fileRef = F222FAF11C0A8281001F6919 /* FRSFlightInfoView.m */; };
		F222FAF41C0A82A9001F6919 /* FRSFlightInfoView.xib in Resources */ = {isa = PBXBuildFile; fileRef = F222FAF31C0A82A9001F6919 /* FRSFlightInfoView.xib */; };
		F222FAF71C0A8608001F6919 /* FRSAvailableFlightsListViewController.m in Sources */ = {isa = PBXBuildFile; fileRef = F222FAF61C0A8608001F6919 /* FRSAvailableFlightsListViewController.m */; };
		F222FAFB1C0A89D7001F6919 /* FRSFlightInfoTableViewCell.m in Sources */ = {isa = PBXBuildFile; fileRef = F222FAF91C0A89D7001F6919 /* FRSFlightInfoTableViewCell.m */; };
		F222FAFC1C0A89D7001F6919 /* FRSFlightInfoTableViewCell.xib in Resources */ = {isa = PBXBuildFile; fileRef = F222FAFA1C0A89D7001F6919 /* FRSFlightInfoTableViewCell.xib */; };
		F24472BD1C05955400B91B41 /* FRSBaseViewController.m in Sources */ = {isa = PBXBuildFile; fileRef = F24472BC1C05955400B91B41 /* FRSBaseViewController.m */; };
		F24472C01C05957700B91B41 /* FRSSignUpViewController.m in Sources */ = {isa = PBXBuildFile; fileRef = F24472BF1C05957700B91B41 /* FRSSignUpViewController.m */; };
		F24472C31C05958D00B91B41 /* FRSForgotPasswordViewController.m in Sources */ = {isa = PBXBuildFile; fileRef = F24472C21C05958D00B91B41 /* FRSForgotPasswordViewController.m */; };
		F24472C71C05A52B00B91B41 /* FRSChangePasswordViewController.m in Sources */ = {isa = PBXBuildFile; fileRef = F24472C61C05A52B00B91B41 /* FRSChangePasswordViewController.m */; };
		F24472CA1C05A96400B91B41 /* FRSHomeViewController.m in Sources */ = {isa = PBXBuildFile; fileRef = F24472C91C05A96400B91B41 /* FRSHomeViewController.m */; };
		F24472CD1C05C74A00B91B41 /* FRSPaymentViewController.m in Sources */ = {isa = PBXBuildFile; fileRef = F24472CC1C05C74A00B91B41 /* FRSPaymentViewController.m */; };
		F27B82191C0D7695009CF06A /* FRSViewReservationsResponse.m in Sources */ = {isa = PBXBuildFile; fileRef = F27B82181C0D7695009CF06A /* FRSViewReservationsResponse.m */; };
		F27B821C1C0D77FB009CF06A /* FRSViewReservationsViewController.m in Sources */ = {isa = PBXBuildFile; fileRef = F27B821B1C0D77FB009CF06A /* FRSViewReservationsViewController.m */; };
		F27B82201C0D79ED009CF06A /* FRSViewReservationTableViewCell.m in Sources */ = {isa = PBXBuildFile; fileRef = F27B821E1C0D79ED009CF06A /* FRSViewReservationTableViewCell.m */; };
		F27B82211C0D79ED009CF06A /* FRSViewReservationTableViewCell.xib in Resources */ = {isa = PBXBuildFile; fileRef = F27B821F1C0D79ED009CF06A /* FRSViewReservationTableViewCell.xib */; };
		F27B82241C0D8452009CF06A /* FRSReservationDetailViewController.m in Sources */ = {isa = PBXBuildFile; fileRef = F27B82231C0D8452009CF06A /* FRSReservationDetailViewController.m */; };
		F27B82281C0D99E0009CF06A /* FRSAdminFlightsViewController.m in Sources */ = {isa = PBXBuildFile; fileRef = F27B82271C0D99E0009CF06A /* FRSAdminFlightsViewController.m */; };
		F27B822B1C0D9A07009CF06A /* FRSAdminAirportsViewController.m in Sources */ = {isa = PBXBuildFile; fileRef = F27B822A1C0D9A07009CF06A /* FRSAdminAirportsViewController.m */; };
		F2BE00B71C0A93260004EDD4 /* TRSingleLineTextFieldCellVM.m in Sources */ = {isa = PBXBuildFile; fileRef = F2BE00B31C0A93260004EDD4 /* TRSingleLineTextFieldCellVM.m */; };
		F2BE00B81C0A93260004EDD4 /* TRSingleTextFieldTableViewCell.m in Sources */ = {isa = PBXBuildFile; fileRef = F2BE00B51C0A93260004EDD4 /* TRSingleTextFieldTableViewCell.m */; };
		F2BE00B91C0A93260004EDD4 /* TRSingleTextFieldTableViewCell.xib in Resources */ = {isa = PBXBuildFile; fileRef = F2BE00B61C0A93260004EDD4 /* TRSingleTextFieldTableViewCell.xib */; };
		F2BE00BD1C0A9C510004EDD4 /* FRSReservation.m in Sources */ = {isa = PBXBuildFile; fileRef = F2BE00BC1C0A9C510004EDD4 /* FRSReservation.m */; };
		F2BE00C01C0A9C680004EDD4 /* FRSFlight.m in Sources */ = {isa = PBXBuildFile; fileRef = F2BE00BF1C0A9C680004EDD4 /* FRSFlight.m */; };
		F2BE00C31C0AA6090004EDD4 /* FRSAirport.m in Sources */ = {isa = PBXBuildFile; fileRef = F2BE00C21C0AA6090004EDD4 /* FRSAirport.m */; };
		F2BE00C61C0AA7B20004EDD4 /* FRSAirportsResponse.m in Sources */ = {isa = PBXBuildFile; fileRef = F2BE00C51C0AA7B20004EDD4 /* FRSAirportsResponse.m */; };
		F2BE00C91C0AB3B80004EDD4 /* FRSFlightsResponse.m in Sources */ = {isa = PBXBuildFile; fileRef = F2BE00C81C0AB3B80004EDD4 /* FRSFlightsResponse.m */; };
		F2CB44391C07B217008E6134 /* FRSNetworkingManager.m in Sources */ = {isa = PBXBuildFile; fileRef = F2CB44381C07B217008E6134 /* FRSNetworkingManager.m */; };
		F2CB443C1C07B2E6008E6134 /* FRSBaseModel.m in Sources */ = {isa = PBXBuildFile; fileRef = F2CB443B1C07B2E6008E6134 /* FRSBaseModel.m */; };
		F2CB443F1C07B2F7008E6134 /* FRSResponseModel.m in Sources */ = {isa = PBXBuildFile; fileRef = F2CB443E1C07B2F7008E6134 /* FRSResponseModel.m */; };
		F2CB44441C07B799008E6134 /* NSString+Validity.m in Sources */ = {isa = PBXBuildFile; fileRef = F2CB44431C07B799008E6134 /* NSString+Validity.m */; };
		F2CB444C1C07BBDD008E6134 /* FRSLoginResponse.m in Sources */ = {isa = PBXBuildFile; fileRef = F2CB44491C07BBDD008E6134 /* FRSLoginResponse.m */; };
		F2CB444D1C07BBDD008E6134 /* FRSUser.m in Sources */ = {isa = PBXBuildFile; fileRef = F2CB444B1C07BBDD008E6134 /* FRSUser.m */; };
		F2CB44511C07C636008E6134 /* FRSProgressHUD.m in Sources */ = {isa = PBXBuildFile; fileRef = F2CB44501C07C636008E6134 /* FRSProgressHUD.m */; };
/* End PBXBuildFile section */

/* Begin PBXContainerItemProxy section */
		F204D1F41BD60460000C164B /* PBXContainerItemProxy */ = {
			isa = PBXContainerItemProxy;
			containerPortal = F204D1CF1BD60460000C164B /* Project object */;
			proxyType = 1;
			remoteGlobalIDString = F204D1D61BD60460000C164B;
			remoteInfo = FlightReservationSystem;
		};
		F204D1FF1BD60460000C164B /* PBXContainerItemProxy */ = {
			isa = PBXContainerItemProxy;
			containerPortal = F204D1CF1BD60460000C164B /* Project object */;
			proxyType = 1;
			remoteGlobalIDString = F204D1D61BD60460000C164B;
			remoteInfo = FlightReservationSystem;
		};
/* End PBXContainerItemProxy section */

/* Begin PBXFileReference section */
		2B45A9567351B595E8541D5C /* Pods-FlightReservationSystem.release.xcconfig */ = {isa = PBXFileReference; includeInIndex = 1; lastKnownFileType = text.xcconfig; name = "Pods-FlightReservationSystem.release.xcconfig"; path = "Pods/Target Support Files/Pods-FlightReservationSystem/Pods-FlightReservationSystem.release.xcconfig"; sourceTree = "<group>"; };
		40B3532C4D1CA57057D36AF5 /* Pods-FlightReservationSystemUITests.release.xcconfig */ = {isa = PBXFileReference; includeInIndex = 1; lastKnownFileType = text.xcconfig; name = "Pods-FlightReservationSystemUITests.release.xcconfig"; path = "Pods/Target Support Files/Pods-FlightReservationSystemUITests/Pods-FlightReservationSystemUITests.release.xcconfig"; sourceTree = "<group>"; };
		533FB288B3E14B71041FBF2B /* Pods-FlightReservationSystemTests.release.xcconfig */ = {isa = PBXFileReference; includeInIndex = 1; lastKnownFileType = text.xcconfig; name = "Pods-FlightReservationSystemTests.release.xcconfig"; path = "Pods/Target Support Files/Pods-FlightReservationSystemTests/Pods-FlightReservationSystemTests.release.xcconfig"; sourceTree = "<group>"; };
		7BC2F52DB5B3D81560E753A5 /* libPods-FlightReservationSystem.a */ = {isa = PBXFileReference; explicitFileType = archive.ar; includeInIndex = 0; path = "libPods-FlightReservationSystem.a"; sourceTree = BUILT_PRODUCTS_DIR; };
		821378488612395854C0B85A /* libPods-FlightReservationSystemUITests.a */ = {isa = PBXFileReference; explicitFileType = archive.ar; includeInIndex = 0; path = "libPods-FlightReservationSystemUITests.a"; sourceTree = BUILT_PRODUCTS_DIR; };
		9747ED98DAF2CA66C33A5013 /* Pods-FlightReservationSystemTests.debug.xcconfig */ = {isa = PBXFileReference; includeInIndex = 1; lastKnownFileType = text.xcconfig; name = "Pods-FlightReservationSystemTests.debug.xcconfig"; path = "Pods/Target Support Files/Pods-FlightReservationSystemTests/Pods-FlightReservationSystemTests.debug.xcconfig"; sourceTree = "<group>"; };
		ABAB615F35571B6D4695E12D /* Pods-FlightReservationSystem.debug.xcconfig */ = {isa = PBXFileReference; includeInIndex = 1; lastKnownFileType = text.xcconfig; name = "Pods-FlightReservationSystem.debug.xcconfig"; path = "Pods/Target Support Files/Pods-FlightReservationSystem/Pods-FlightReservationSystem.debug.xcconfig"; sourceTree = "<group>"; };
		B6019EAD1C0A7FAE006BBE92 /* FRSReservationStep2Viewcontroller.h */ = {isa = PBXFileReference; fileEncoding = 4; lastKnownFileType = sourcecode.c.h; path = FRSReservationStep2Viewcontroller.h; sourceTree = "<group>"; };
		B6019EAE1C0A7FAE006BBE92 /* FRSReservationStep2Viewcontroller.m */ = {isa = PBXFileReference; fileEncoding = 4; lastKnownFileType = sourcecode.c.objc; path = FRSReservationStep2Viewcontroller.m; sourceTree = "<group>"; };
		B6F5732C1C0677010049594A /* FRSAdminHomeViewController.h */ = {isa = PBXFileReference; fileEncoding = 4; lastKnownFileType = sourcecode.c.h; path = FRSAdminHomeViewController.h; sourceTree = "<group>"; };
		B6F5732D1C0677010049594A /* FRSAdminHomeViewController.m */ = {isa = PBXFileReference; fileEncoding = 4; lastKnownFileType = sourcecode.c.objc; path = FRSAdminHomeViewController.m; sourceTree = "<group>"; };
		B6F5732F1C0680130049594A /* FRSAdminAddFlightViewController.h */ = {isa = PBXFileReference; fileEncoding = 4; lastKnownFileType = sourcecode.c.h; path = FRSAdminAddFlightViewController.h; sourceTree = "<group>"; };
		B6F573301C0680130049594A /* FRSAdminAddFlightViewController.m */ = {isa = PBXFileReference; fileEncoding = 4; lastKnownFileType = sourcecode.c.objc; path = FRSAdminAddFlightViewController.m; sourceTree = "<group>"; };
		B6F573321C0684890049594A /* FRSAdminAddAirportViewController.h */ = {isa = PBXFileReference; fileEncoding = 4; lastKnownFileType = sourcecode.c.h; path = FRSAdminAddAirportViewController.h; sourceTree = "<group>"; };
		B6F573331C0684890049594A /* FRSAdminAddAirportViewController.m */ = {isa = PBXFileReference; fileEncoding = 4; lastKnownFileType = sourcecode.c.objc; path = FRSAdminAddAirportViewController.m; sourceTree = "<group>"; };
		C1514D42E35107C609F22733 /* libPods-FlightReservationSystemTests.a */ = {isa = PBXFileReference; explicitFileType = archive.ar; includeInIndex = 0; path = "libPods-FlightReservationSystemTests.a"; sourceTree = BUILT_PRODUCTS_DIR; };
		F204D1D71BD60460000C164B /* FlightReservationSystem.app */ = {isa = PBXFileReference; explicitFileType = wrapper.application; includeInIndex = 0; path = FlightReservationSystem.app; sourceTree = BUILT_PRODUCTS_DIR; };
		F204D1DB1BD60460000C164B /* main.m */ = {isa = PBXFileReference; lastKnownFileType = sourcecode.c.objc; path = main.m; sourceTree = "<group>"; };
		F204D1DD1BD60460000C164B /* AppDelegate.h */ = {isa = PBXFileReference; lastKnownFileType = sourcecode.c.h; path = AppDelegate.h; sourceTree = "<group>"; };
		F204D1DE1BD60460000C164B /* AppDelegate.m */ = {isa = PBXFileReference; lastKnownFileType = sourcecode.c.objc; path = AppDelegate.m; sourceTree = "<group>"; };
		F204D1E01BD60460000C164B /* FRSLandingViewController.h */ = {isa = PBXFileReference; lastKnownFileType = sourcecode.c.h; path = FRSLandingViewController.h; sourceTree = "<group>"; };
		F204D1E11BD60460000C164B /* FRSLandingViewController.m */ = {isa = PBXFileReference; lastKnownFileType = sourcecode.c.objc; path = FRSLandingViewController.m; sourceTree = "<group>"; };
		F204D1E41BD60460000C164B /* Base */ = {isa = PBXFileReference; lastKnownFileType = file.storyboard; name = Base; path = Base.lproj/Main.storyboard; sourceTree = "<group>"; };
		F204D1E71BD60460000C164B /* FlightReservationSystem.xcdatamodel */ = {isa = PBXFileReference; lastKnownFileType = wrapper.xcdatamodel; path = FlightReservationSystem.xcdatamodel; sourceTree = "<group>"; };
		F204D1E91BD60460000C164B /* Assets.xcassets */ = {isa = PBXFileReference; lastKnownFileType = folder.assetcatalog; path = Assets.xcassets; sourceTree = "<group>"; };
		F204D1EC1BD60460000C164B /* Base */ = {isa = PBXFileReference; lastKnownFileType = file.storyboard; name = Base; path = Base.lproj/LaunchScreen.storyboard; sourceTree = "<group>"; };
		F204D1EE1BD60460000C164B /* Info.plist */ = {isa = PBXFileReference; lastKnownFileType = text.plist.xml; path = Info.plist; sourceTree = "<group>"; };
		F204D1F31BD60460000C164B /* FlightReservationSystemTests.xctest */ = {isa = PBXFileReference; explicitFileType = wrapper.cfbundle; includeInIndex = 0; path = FlightReservationSystemTests.xctest; sourceTree = BUILT_PRODUCTS_DIR; };
		F204D1F71BD60460000C164B /* FlightReservationSystemTests.m */ = {isa = PBXFileReference; lastKnownFileType = sourcecode.c.objc; path = FlightReservationSystemTests.m; sourceTree = "<group>"; };
		F204D1F91BD60460000C164B /* Info.plist */ = {isa = PBXFileReference; lastKnownFileType = text.plist.xml; path = Info.plist; sourceTree = "<group>"; };
		F204D1FE1BD60460000C164B /* FlightReservationSystemUITests.xctest */ = {isa = PBXFileReference; explicitFileType = wrapper.cfbundle; includeInIndex = 0; path = FlightReservationSystemUITests.xctest; sourceTree = BUILT_PRODUCTS_DIR; };
		F204D2021BD60460000C164B /* FlightReservationSystemUITests.m */ = {isa = PBXFileReference; lastKnownFileType = sourcecode.c.objc; path = FlightReservationSystemUITests.m; sourceTree = "<group>"; };
		F204D2041BD60460000C164B /* Info.plist */ = {isa = PBXFileReference; lastKnownFileType = text.plist.xml; path = Info.plist; sourceTree = "<group>"; };
		F222FAF01C0A8281001F6919 /* FRSFlightInfoView.h */ = {isa = PBXFileReference; fileEncoding = 4; lastKnownFileType = sourcecode.c.h; path = FRSFlightInfoView.h; sourceTree = "<group>"; };
		F222FAF11C0A8281001F6919 /* FRSFlightInfoView.m */ = {isa = PBXFileReference; fileEncoding = 4; lastKnownFileType = sourcecode.c.objc; path = FRSFlightInfoView.m; sourceTree = "<group>"; };
		F222FAF31C0A82A9001F6919 /* FRSFlightInfoView.xib */ = {isa = PBXFileReference; fileEncoding = 4; lastKnownFileType = file.xib; path = FRSFlightInfoView.xib; sourceTree = "<group>"; };
		F222FAF51C0A8608001F6919 /* FRSAvailableFlightsListViewController.h */ = {isa = PBXFileReference; fileEncoding = 4; lastKnownFileType = sourcecode.c.h; path = FRSAvailableFlightsListViewController.h; sourceTree = "<group>"; };
		F222FAF61C0A8608001F6919 /* FRSAvailableFlightsListViewController.m */ = {isa = PBXFileReference; fileEncoding = 4; lastKnownFileType = sourcecode.c.objc; path = FRSAvailableFlightsListViewController.m; sourceTree = "<group>"; };
		F222FAF81C0A89D7001F6919 /* FRSFlightInfoTableViewCell.h */ = {isa = PBXFileReference; fileEncoding = 4; lastKnownFileType = sourcecode.c.h; path = FRSFlightInfoTableViewCell.h; sourceTree = "<group>"; };
		F222FAF91C0A89D7001F6919 /* FRSFlightInfoTableViewCell.m */ = {isa = PBXFileReference; fileEncoding = 4; lastKnownFileType = sourcecode.c.objc; path = FRSFlightInfoTableViewCell.m; sourceTree = "<group>"; };
		F222FAFA1C0A89D7001F6919 /* FRSFlightInfoTableViewCell.xib */ = {isa = PBXFileReference; fileEncoding = 4; lastKnownFileType = file.xib; path = FRSFlightInfoTableViewCell.xib; sourceTree = "<group>"; };
		F23CF8941C0674AF00FD73E3 /* FRSAlert.h */ = {isa = PBXFileReference; fileEncoding = 4; lastKnownFileType = sourcecode.c.h; path = FRSAlert.h; sourceTree = "<group>"; };
		F23CF8951C0674AF00FD73E3 /* FRSAlert.m */ = {isa = PBXFileReference; fileEncoding = 4; lastKnownFileType = sourcecode.c.objc; path = FRSAlert.m; sourceTree = "<group>"; };
		F24472BB1C05955400B91B41 /* FRSBaseViewController.h */ = {isa = PBXFileReference; fileEncoding = 4; lastKnownFileType = sourcecode.c.h; path = FRSBaseViewController.h; sourceTree = "<group>"; };
		F24472BC1C05955400B91B41 /* FRSBaseViewController.m */ = {isa = PBXFileReference; fileEncoding = 4; lastKnownFileType = sourcecode.c.objc; path = FRSBaseViewController.m; sourceTree = "<group>"; };
		F24472BE1C05957700B91B41 /* FRSSignUpViewController.h */ = {isa = PBXFileReference; fileEncoding = 4; lastKnownFileType = sourcecode.c.h; path = FRSSignUpViewController.h; sourceTree = "<group>"; };
		F24472BF1C05957700B91B41 /* FRSSignUpViewController.m */ = {isa = PBXFileReference; fileEncoding = 4; lastKnownFileType = sourcecode.c.objc; path = FRSSignUpViewController.m; sourceTree = "<group>"; };
		F24472C11C05958D00B91B41 /* FRSForgotPasswordViewController.h */ = {isa = PBXFileReference; fileEncoding = 4; lastKnownFileType = sourcecode.c.h; path = FRSForgotPasswordViewController.h; sourceTree = "<group>"; };
		F24472C21C05958D00B91B41 /* FRSForgotPasswordViewController.m */ = {isa = PBXFileReference; fileEncoding = 4; lastKnownFileType = sourcecode.c.objc; path = FRSForgotPasswordViewController.m; sourceTree = "<group>"; };
		F24472C51C05A52B00B91B41 /* FRSChangePasswordViewController.h */ = {isa = PBXFileReference; fileEncoding = 4; lastKnownFileType = sourcecode.c.h; path = FRSChangePasswordViewController.h; sourceTree = "<group>"; };
		F24472C61C05A52B00B91B41 /* FRSChangePasswordViewController.m */ = {isa = PBXFileReference; fileEncoding = 4; lastKnownFileType = sourcecode.c.objc; path = FRSChangePasswordViewController.m; sourceTree = "<group>"; };
		F24472C81C05A96400B91B41 /* FRSHomeViewController.h */ = {isa = PBXFileReference; fileEncoding = 4; lastKnownFileType = sourcecode.c.h; path = FRSHomeViewController.h; sourceTree = "<group>"; };
		F24472C91C05A96400B91B41 /* FRSHomeViewController.m */ = {isa = PBXFileReference; fileEncoding = 4; lastKnownFileType = sourcecode.c.objc; path = FRSHomeViewController.m; sourceTree = "<group>"; };
		F24472CB1C05C74A00B91B41 /* FRSPaymentViewController.h */ = {isa = PBXFileReference; fileEncoding = 4; lastKnownFileType = sourcecode.c.h; path = FRSPaymentViewController.h; sourceTree = "<group>"; };
		F24472CC1C05C74A00B91B41 /* FRSPaymentViewController.m */ = {isa = PBXFileReference; fileEncoding = 4; lastKnownFileType = sourcecode.c.objc; path = FRSPaymentViewController.m; sourceTree = "<group>"; };
		F27B82171C0D7695009CF06A /* FRSViewReservationsResponse.h */ = {isa = PBXFileReference; fileEncoding = 4; lastKnownFileType = sourcecode.c.h; path = FRSViewReservationsResponse.h; sourceTree = "<group>"; };
		F27B82181C0D7695009CF06A /* FRSViewReservationsResponse.m */ = {isa = PBXFileReference; fileEncoding = 4; lastKnownFileType = sourcecode.c.objc; path = FRSViewReservationsResponse.m; sourceTree = "<group>"; };
		F27B821A1C0D77FB009CF06A /* FRSViewReservationsViewController.h */ = {isa = PBXFileReference; fileEncoding = 4; lastKnownFileType = sourcecode.c.h; path = FRSViewReservationsViewController.h; sourceTree = "<group>"; };
		F27B821B1C0D77FB009CF06A /* FRSViewReservationsViewController.m */ = {isa = PBXFileReference; fileEncoding = 4; lastKnownFileType = sourcecode.c.objc; path = FRSViewReservationsViewController.m; sourceTree = "<group>"; };
		F27B821D1C0D79ED009CF06A /* FRSViewReservationTableViewCell.h */ = {isa = PBXFileReference; fileEncoding = 4; lastKnownFileType = sourcecode.c.h; path = FRSViewReservationTableViewCell.h; sourceTree = "<group>"; };
		F27B821E1C0D79ED009CF06A /* FRSViewReservationTableViewCell.m */ = {isa = PBXFileReference; fileEncoding = 4; lastKnownFileType = sourcecode.c.objc; path = FRSViewReservationTableViewCell.m; sourceTree = "<group>"; };
		F27B821F1C0D79ED009CF06A /* FRSViewReservationTableViewCell.xib */ = {isa = PBXFileReference; fileEncoding = 4; lastKnownFileType = file.xib; path = FRSViewReservationTableViewCell.xib; sourceTree = "<group>"; };
		F27B82221C0D8452009CF06A /* FRSReservationDetailViewController.h */ = {isa = PBXFileReference; fileEncoding = 4; lastKnownFileType = sourcecode.c.h; path = FRSReservationDetailViewController.h; sourceTree = "<group>"; };
		F27B82231C0D8452009CF06A /* FRSReservationDetailViewController.m */ = {isa = PBXFileReference; fileEncoding = 4; lastKnownFileType = sourcecode.c.objc; path = FRSReservationDetailViewController.m; sourceTree = "<group>"; };
		F27B82261C0D99E0009CF06A /* FRSAdminFlightsViewController.h */ = {isa = PBXFileReference; fileEncoding = 4; lastKnownFileType = sourcecode.c.h; path = FRSAdminFlightsViewController.h; sourceTree = "<group>"; };
		F27B82271C0D99E0009CF06A /* FRSAdminFlightsViewController.m */ = {isa = PBXFileReference; fileEncoding = 4; lastKnownFileType = sourcecode.c.objc; path = FRSAdminFlightsViewController.m; sourceTree = "<group>"; };
		F27B82291C0D9A07009CF06A /* FRSAdminAirportsViewController.h */ = {isa = PBXFileReference; fileEncoding = 4; lastKnownFileType = sourcecode.c.h; path = FRSAdminAirportsViewController.h; sourceTree = "<group>"; };
		F27B822A1C0D9A07009CF06A /* FRSAdminAirportsViewController.m */ = {isa = PBXFileReference; fileEncoding = 4; lastKnownFileType = sourcecode.c.objc; path = FRSAdminAirportsViewController.m; sourceTree = "<group>"; };
		F2BE00B21C0A93260004EDD4 /* TRSingleLineTextFieldCellVM.h */ = {isa = PBXFileReference; fileEncoding = 4; lastKnownFileType = sourcecode.c.h; path = TRSingleLineTextFieldCellVM.h; sourceTree = "<group>"; };
		F2BE00B31C0A93260004EDD4 /* TRSingleLineTextFieldCellVM.m */ = {isa = PBXFileReference; fileEncoding = 4; lastKnownFileType = sourcecode.c.objc; path = TRSingleLineTextFieldCellVM.m; sourceTree = "<group>"; };
		F2BE00B41C0A93260004EDD4 /* TRSingleTextFieldTableViewCell.h */ = {isa = PBXFileReference; fileEncoding = 4; lastKnownFileType = sourcecode.c.h; path = TRSingleTextFieldTableViewCell.h; sourceTree = "<group>"; };
		F2BE00B51C0A93260004EDD4 /* TRSingleTextFieldTableViewCell.m */ = {isa = PBXFileReference; fileEncoding = 4; lastKnownFileType = sourcecode.c.objc; path = TRSingleTextFieldTableViewCell.m; sourceTree = "<group>"; };
		F2BE00B61C0A93260004EDD4 /* TRSingleTextFieldTableViewCell.xib */ = {isa = PBXFileReference; fileEncoding = 4; lastKnownFileType = file.xib; path = TRSingleTextFieldTableViewCell.xib; sourceTree = "<group>"; };
		F2BE00BB1C0A9C510004EDD4 /* FRSReservation.h */ = {isa = PBXFileReference; fileEncoding = 4; lastKnownFileType = sourcecode.c.h; path = FRSReservation.h; sourceTree = "<group>"; };
		F2BE00BC1C0A9C510004EDD4 /* FRSReservation.m */ = {isa = PBXFileReference; fileEncoding = 4; lastKnownFileType = sourcecode.c.objc; path = FRSReservation.m; sourceTree = "<group>"; };
		F2BE00BE1C0A9C680004EDD4 /* FRSFlight.h */ = {isa = PBXFileReference; fileEncoding = 4; lastKnownFileType = sourcecode.c.h; path = FRSFlight.h; sourceTree = "<group>"; };
		F2BE00BF1C0A9C680004EDD4 /* FRSFlight.m */ = {isa = PBXFileReference; fileEncoding = 4; lastKnownFileType = sourcecode.c.objc; path = FRSFlight.m; sourceTree = "<group>"; };
		F2BE00C11C0AA6090004EDD4 /* FRSAirport.h */ = {isa = PBXFileReference; fileEncoding = 4; lastKnownFileType = sourcecode.c.h; path = FRSAirport.h; sourceTree = "<group>"; };
		F2BE00C21C0AA6090004EDD4 /* FRSAirport.m */ = {isa = PBXFileReference; fileEncoding = 4; lastKnownFileType = sourcecode.c.objc; path = FRSAirport.m; sourceTree = "<group>"; };
		F2BE00C41C0AA7B20004EDD4 /* FRSAirportsResponse.h */ = {isa = PBXFileReference; fileEncoding = 4; lastKnownFileType = sourcecode.c.h; path = FRSAirportsResponse.h; sourceTree = "<group>"; };
		F2BE00C51C0AA7B20004EDD4 /* FRSAirportsResponse.m */ = {isa = PBXFileReference; fileEncoding = 4; lastKnownFileType = sourcecode.c.objc; path = FRSAirportsResponse.m; sourceTree = "<group>"; };
		F2BE00C71C0AB3B80004EDD4 /* FRSFlightsResponse.h */ = {isa = PBXFileReference; fileEncoding = 4; lastKnownFileType = sourcecode.c.h; path = FRSFlightsResponse.h; sourceTree = "<group>"; };
		F2BE00C81C0AB3B80004EDD4 /* FRSFlightsResponse.m */ = {isa = PBXFileReference; fileEncoding = 4; lastKnownFileType = sourcecode.c.objc; path = FRSFlightsResponse.m; sourceTree = "<group>"; };
		F2CB44371C07B217008E6134 /* FRSNetworkingManager.h */ = {isa = PBXFileReference; fileEncoding = 4; lastKnownFileType = sourcecode.c.h; path = FRSNetworkingManager.h; sourceTree = "<group>"; };
		F2CB44381C07B217008E6134 /* FRSNetworkingManager.m */ = {isa = PBXFileReference; fileEncoding = 4; lastKnownFileType = sourcecode.c.objc; path = FRSNetworkingManager.m; sourceTree = "<group>"; };
		F2CB443A1C07B2E6008E6134 /* FRSBaseModel.h */ = {isa = PBXFileReference; fileEncoding = 4; lastKnownFileType = sourcecode.c.h; path = FRSBaseModel.h; sourceTree = "<group>"; };
		F2CB443B1C07B2E6008E6134 /* FRSBaseModel.m */ = {isa = PBXFileReference; fileEncoding = 4; lastKnownFileType = sourcecode.c.objc; path = FRSBaseModel.m; sourceTree = "<group>"; };
		F2CB443D1C07B2F7008E6134 /* FRSResponseModel.h */ = {isa = PBXFileReference; fileEncoding = 4; lastKnownFileType = sourcecode.c.h; path = FRSResponseModel.h; sourceTree = "<group>"; };
		F2CB443E1C07B2F7008E6134 /* FRSResponseModel.m */ = {isa = PBXFileReference; fileEncoding = 4; lastKnownFileType = sourcecode.c.objc; path = FRSResponseModel.m; sourceTree = "<group>"; };
		F2CB44421C07B799008E6134 /* NSString+Validity.h */ = {isa = PBXFileReference; fileEncoding = 4; lastKnownFileType = sourcecode.c.h; path = "NSString+Validity.h"; sourceTree = "<group>"; };
		F2CB44431C07B799008E6134 /* NSString+Validity.m */ = {isa = PBXFileReference; fileEncoding = 4; lastKnownFileType = sourcecode.c.objc; path = "NSString+Validity.m"; sourceTree = "<group>"; };
		F2CB44471C07BADC008E6134 /* FlightReservationSystem-PrefixHeader.pch */ = {isa = PBXFileReference; fileEncoding = 4; lastKnownFileType = sourcecode.c.h; path = "FlightReservationSystem-PrefixHeader.pch"; sourceTree = "<group>"; };
		F2CB44481C07BBDD008E6134 /* FRSLoginResponse.h */ = {isa = PBXFileReference; fileEncoding = 4; lastKnownFileType = sourcecode.c.h; path = FRSLoginResponse.h; sourceTree = "<group>"; };
		F2CB44491C07BBDD008E6134 /* FRSLoginResponse.m */ = {isa = PBXFileReference; fileEncoding = 4; lastKnownFileType = sourcecode.c.objc; path = FRSLoginResponse.m; sourceTree = "<group>"; };
		F2CB444A1C07BBDD008E6134 /* FRSUser.h */ = {isa = PBXFileReference; fileEncoding = 4; lastKnownFileType = sourcecode.c.h; path = FRSUser.h; sourceTree = "<group>"; };
		F2CB444B1C07BBDD008E6134 /* FRSUser.m */ = {isa = PBXFileReference; fileEncoding = 4; lastKnownFileType = sourcecode.c.objc; path = FRSUser.m; sourceTree = "<group>"; };
		F2CB444E1C07C06E008E6134 /* Constants.h */ = {isa = PBXFileReference; fileEncoding = 4; lastKnownFileType = sourcecode.c.h; path = Constants.h; sourceTree = "<group>"; };
		F2CB444F1C07C636008E6134 /* FRSProgressHUD.h */ = {isa = PBXFileReference; fileEncoding = 4; lastKnownFileType = sourcecode.c.h; path = FRSProgressHUD.h; sourceTree = "<group>"; };
		F2CB44501C07C636008E6134 /* FRSProgressHUD.m */ = {isa = PBXFileReference; fileEncoding = 4; lastKnownFileType = sourcecode.c.objc; path = FRSProgressHUD.m; sourceTree = "<group>"; };
		F56ECC2F009883E8C18AA587 /* Pods-FlightReservationSystemUITests.debug.xcconfig */ = {isa = PBXFileReference; includeInIndex = 1; lastKnownFileType = text.xcconfig; name = "Pods-FlightReservationSystemUITests.debug.xcconfig"; path = "Pods/Target Support Files/Pods-FlightReservationSystemUITests/Pods-FlightReservationSystemUITests.debug.xcconfig"; sourceTree = "<group>"; };
/* End PBXFileReference section */

/* Begin PBXFrameworksBuildPhase section */
		F204D1D41BD60460000C164B /* Frameworks */ = {
			isa = PBXFrameworksBuildPhase;
			buildActionMask = 2147483647;
			files = (
				D22C7374AB359237CAD14F69 /* libPods-FlightReservationSystem.a in Frameworks */,
			);
			runOnlyForDeploymentPostprocessing = 0;
		};
		F204D1F01BD60460000C164B /* Frameworks */ = {
			isa = PBXFrameworksBuildPhase;
			buildActionMask = 2147483647;
			files = (
				B2DD70F197E3761F4D343DFF /* libPods-FlightReservationSystemTests.a in Frameworks */,
			);
			runOnlyForDeploymentPostprocessing = 0;
		};
		F204D1FB1BD60460000C164B /* Frameworks */ = {
			isa = PBXFrameworksBuildPhase;
			buildActionMask = 2147483647;
			files = (
				4A8C68BD083E61D0285280B6 /* libPods-FlightReservationSystemUITests.a in Frameworks */,
			);
			runOnlyForDeploymentPostprocessing = 0;
		};
/* End PBXFrameworksBuildPhase section */

/* Begin PBXGroup section */
		0AE2A8CE55CA9F09492A3491 /* Pods */ = {
			isa = PBXGroup;
			children = (
				ABAB615F35571B6D4695E12D /* Pods-FlightReservationSystem.debug.xcconfig */,
				2B45A9567351B595E8541D5C /* Pods-FlightReservationSystem.release.xcconfig */,
				9747ED98DAF2CA66C33A5013 /* Pods-FlightReservationSystemTests.debug.xcconfig */,
				533FB288B3E14B71041FBF2B /* Pods-FlightReservationSystemTests.release.xcconfig */,
				F56ECC2F009883E8C18AA587 /* Pods-FlightReservationSystemUITests.debug.xcconfig */,
				40B3532C4D1CA57057D36AF5 /* Pods-FlightReservationSystemUITests.release.xcconfig */,
			);
			name = Pods;
			sourceTree = "<group>";
		};
		14C9A9BF880935983B5C189E /* Frameworks */ = {
			isa = PBXGroup;
			children = (
				7BC2F52DB5B3D81560E753A5 /* libPods-FlightReservationSystem.a */,
				C1514D42E35107C609F22733 /* libPods-FlightReservationSystemTests.a */,
				821378488612395854C0B85A /* libPods-FlightReservationSystemUITests.a */,
			);
			name = Frameworks;
			sourceTree = "<group>";
		};
		F204D1CE1BD60460000C164B = {
			isa = PBXGroup;
			children = (
				F204D1D91BD60460000C164B /* FlightReservationSystem */,
				F204D1F61BD60460000C164B /* FlightReservationSystemTests */,
				F204D2011BD60460000C164B /* FlightReservationSystemUITests */,
				F204D1D81BD60460000C164B /* Products */,
				0AE2A8CE55CA9F09492A3491 /* Pods */,
				14C9A9BF880935983B5C189E /* Frameworks */,
			);
			sourceTree = "<group>";
		};
		F204D1D81BD60460000C164B /* Products */ = {
			isa = PBXGroup;
			children = (
				F204D1D71BD60460000C164B /* FlightReservationSystem.app */,
				F204D1F31BD60460000C164B /* FlightReservationSystemTests.xctest */,
				F204D1FE1BD60460000C164B /* FlightReservationSystemUITests.xctest */,
			);
			name = Products;
			sourceTree = "<group>";
		};
		F204D1D91BD60460000C164B /* FlightReservationSystem */ = {
			isa = PBXGroup;
			children = (
				F204D1DD1BD60460000C164B /* AppDelegate.h */,
				F204D1DE1BD60460000C164B /* AppDelegate.m */,
				F2CB44421C07B799008E6134 /* NSString+Validity.h */,
				F2CB44431C07B799008E6134 /* NSString+Validity.m */,
				F222FAF01C0A8281001F6919 /* FRSFlightInfoView.h */,
				F222FAF11C0A8281001F6919 /* FRSFlightInfoView.m */,
				F222FAF31C0A82A9001F6919 /* FRSFlightInfoView.xib */,
				F2BE00BA1C0A93350004EDD4 /* Add Passengers */,
				F2CB44401C07B2FE008E6134 /* Models */,
				F2CB44411C07B312008E6134 /* Networking Manager */,
				F23CF8941C0674AF00FD73E3 /* FRSAlert.h */,
				F23CF8951C0674AF00FD73E3 /* FRSAlert.m */,
				F2CB444F1C07C636008E6134 /* FRSProgressHUD.h */,
				F2CB44501C07C636008E6134 /* FRSProgressHUD.m */,
				F24472BB1C05955400B91B41 /* FRSBaseViewController.h */,
				F24472BC1C05955400B91B41 /* FRSBaseViewController.m */,
				F24472C81C05A96400B91B41 /* FRSHomeViewController.h */,
				F24472C91C05A96400B91B41 /* FRSHomeViewController.m */,
				F27B82251C0D85B9009CF06A /* Reservation */,
				F24472CB1C05C74A00B91B41 /* FRSPaymentViewController.h */,
				F24472CC1C05C74A00B91B41 /* FRSPaymentViewController.m */,
				F27B822C1C0D9A10009CF06A /* Admin */,
				F222FAF51C0A8608001F6919 /* FRSAvailableFlightsListViewController.h */,
				F222FAF61C0A8608001F6919 /* FRSAvailableFlightsListViewController.m */,
				F222FAF81C0A89D7001F6919 /* FRSFlightInfoTableViewCell.h */,
				F222FAF91C0A89D7001F6919 /* FRSFlightInfoTableViewCell.m */,
				F222FAFA1C0A89D7001F6919 /* FRSFlightInfoTableViewCell.xib */,
				B6019EAD1C0A7FAE006BBE92 /* FRSReservationStep2Viewcontroller.h */,
				B6019EAE1C0A7FAE006BBE92 /* FRSReservationStep2Viewcontroller.m */,
				F24472C41C05970A00B91B41 /* Login - Signup */,
				F204D1E31BD60460000C164B /* Main.storyboard */,
				F204D1E91BD60460000C164B /* Assets.xcassets */,
				F204D1EB1BD60460000C164B /* LaunchScreen.storyboard */,
				F2CB44471C07BADC008E6134 /* FlightReservationSystem-PrefixHeader.pch */,
				F2CB444E1C07C06E008E6134 /* Constants.h */,
				F204D1EE1BD60460000C164B /* Info.plist */,
				F204D1E61BD60460000C164B /* FlightReservationSystem.xcdatamodeld */,
				F204D1DA1BD60460000C164B /* Supporting Files */,
			);
			path = FlightReservationSystem;
			sourceTree = "<group>";
		};
		F204D1DA1BD60460000C164B /* Supporting Files */ = {
			isa = PBXGroup;
			children = (
				F204D1DB1BD60460000C164B /* main.m */,
			);
			name = "Supporting Files";
			sourceTree = "<group>";
		};
		F204D1F61BD60460000C164B /* FlightReservationSystemTests */ = {
			isa = PBXGroup;
			children = (
				F204D1F71BD60460000C164B /* FlightReservationSystemTests.m */,
				F204D1F91BD60460000C164B /* Info.plist */,
			);
			path = FlightReservationSystemTests;
			sourceTree = "<group>";
		};
		F204D2011BD60460000C164B /* FlightReservationSystemUITests */ = {
			isa = PBXGroup;
			children = (
				F204D2021BD60460000C164B /* FlightReservationSystemUITests.m */,
				F204D2041BD60460000C164B /* Info.plist */,
			);
			path = FlightReservationSystemUITests;
			sourceTree = "<group>";
		};
		F24472C41C05970A00B91B41 /* Login - Signup */ = {
			isa = PBXGroup;
			children = (
				F204D1E01BD60460000C164B /* FRSLandingViewController.h */,
				F204D1E11BD60460000C164B /* FRSLandingViewController.m */,
				F24472BE1C05957700B91B41 /* FRSSignUpViewController.h */,
				F24472BF1C05957700B91B41 /* FRSSignUpViewController.m */,
				F24472C11C05958D00B91B41 /* FRSForgotPasswordViewController.h */,
				F24472C21C05958D00B91B41 /* FRSForgotPasswordViewController.m */,
				F24472C51C05A52B00B91B41 /* FRSChangePasswordViewController.h */,
				F24472C61C05A52B00B91B41 /* FRSChangePasswordViewController.m */,
			);
			name = "Login - Signup";
			sourceTree = "<group>";
		};
		F27B82251C0D85B9009CF06A /* Reservation */ = {
			isa = PBXGroup;
			children = (
				F27B821A1C0D77FB009CF06A /* FRSViewReservationsViewController.h */,
				F27B821B1C0D77FB009CF06A /* FRSViewReservationsViewController.m */,
				F27B821D1C0D79ED009CF06A /* FRSViewReservationTableViewCell.h */,
				F27B821E1C0D79ED009CF06A /* FRSViewReservationTableViewCell.m */,
				F27B821F1C0D79ED009CF06A /* FRSViewReservationTableViewCell.xib */,
				F27B82221C0D8452009CF06A /* FRSReservationDetailViewController.h */,
				F27B82231C0D8452009CF06A /* FRSReservationDetailViewController.m */,
			);
			name = Reservation;
			sourceTree = "<group>";
		};
		F27B822C1C0D9A10009CF06A /* Admin */ = {
			isa = PBXGroup;
			children = (
				B6F5732C1C0677010049594A /* FRSAdminHomeViewController.h */,
				B6F5732D1C0677010049594A /* FRSAdminHomeViewController.m */,
				F27B82291C0D9A07009CF06A /* FRSAdminAirportsViewController.h */,
				F27B822A1C0D9A07009CF06A /* FRSAdminAirportsViewController.m */,
				F27B82261C0D99E0009CF06A /* FRSAdminFlightsViewController.h */,
				F27B82271C0D99E0009CF06A /* FRSAdminFlightsViewController.m */,
				B6F5732F1C0680130049594A /* FRSAdminAddFlightViewController.h */,
				B6F573301C0680130049594A /* FRSAdminAddFlightViewController.m */,
				B6F573321C0684890049594A /* FRSAdminAddAirportViewController.h */,
				B6F573331C0684890049594A /* FRSAdminAddAirportViewController.m */,
			);
			name = Admin;
			sourceTree = "<group>";
		};
		F2BE00BA1C0A93350004EDD4 /* Add Passengers */ = {
			isa = PBXGroup;
			children = (
				F2BE00B21C0A93260004EDD4 /* TRSingleLineTextFieldCellVM.h */,
				F2BE00B31C0A93260004EDD4 /* TRSingleLineTextFieldCellVM.m */,
				F2BE00B41C0A93260004EDD4 /* TRSingleTextFieldTableViewCell.h */,
				F2BE00B51C0A93260004EDD4 /* TRSingleTextFieldTableViewCell.m */,
				F2BE00B61C0A93260004EDD4 /* TRSingleTextFieldTableViewCell.xib */,
			);
			name = "Add Passengers";
			sourceTree = "<group>";
		};
		F2CB44401C07B2FE008E6134 /* Models */ = {
			isa = PBXGroup;
			children = (
				F2CB443A1C07B2E6008E6134 /* FRSBaseModel.h */,
				F2CB443B1C07B2E6008E6134 /* FRSBaseModel.m */,
				F2CB443D1C07B2F7008E6134 /* FRSResponseModel.h */,
				F2CB443E1C07B2F7008E6134 /* FRSResponseModel.m */,
				F2CB44481C07BBDD008E6134 /* FRSLoginResponse.h */,
				F2CB44491C07BBDD008E6134 /* FRSLoginResponse.m */,
				F2CB444A1C07BBDD008E6134 /* FRSUser.h */,
				F2CB444B1C07BBDD008E6134 /* FRSUser.m */,
				F2BE00BB1C0A9C510004EDD4 /* FRSReservation.h */,
				F2BE00BC1C0A9C510004EDD4 /* FRSReservation.m */,
				F2BE00BE1C0A9C680004EDD4 /* FRSFlight.h */,
				F2BE00BF1C0A9C680004EDD4 /* FRSFlight.m */,
				F2BE00C41C0AA7B20004EDD4 /* FRSAirportsResponse.h */,
				F2BE00C51C0AA7B20004EDD4 /* FRSAirportsResponse.m */,
				F2BE00C71C0AB3B80004EDD4 /* FRSFlightsResponse.h */,
				F2BE00C81C0AB3B80004EDD4 /* FRSFlightsResponse.m */,
				F27B82171C0D7695009CF06A /* FRSViewReservationsResponse.h */,
				F27B82181C0D7695009CF06A /* FRSViewReservationsResponse.m */,
				F2BE00C11C0AA6090004EDD4 /* FRSAirport.h */,
				F2BE00C21C0AA6090004EDD4 /* FRSAirport.m */,
			);
			name = Models;
			sourceTree = "<group>";
		};
		F2CB44411C07B312008E6134 /* Networking Manager */ = {
			isa = PBXGroup;
			children = (
				F2CB44371C07B217008E6134 /* FRSNetworkingManager.h */,
				F2CB44381C07B217008E6134 /* FRSNetworkingManager.m */,
			);
			name = "Networking Manager";
			sourceTree = "<group>";
		};
/* End PBXGroup section */

/* Begin PBXNativeTarget section */
		F204D1D61BD60460000C164B /* FlightReservationSystem */ = {
			isa = PBXNativeTarget;
			buildConfigurationList = F204D2071BD60460000C164B /* Build configuration list for PBXNativeTarget "FlightReservationSystem" */;
			buildPhases = (
				91F79C723E3C2B0DEA052742 /* [CP] Check Pods Manifest.lock */,
				F204D1D31BD60460000C164B /* Sources */,
				F204D1D41BD60460000C164B /* Frameworks */,
				F204D1D51BD60460000C164B /* Resources */,
				B071B625A95A811CB77D5DE3 /* [CP] Embed Pods Frameworks */,
				8CE81FC076974DFEAECFE2CE /* [CP] Copy Pods Resources */,
				F202E9BC1DD6B49F0060CE9E /* ShellScript */,
			);
			buildRules = (
			);
			dependencies = (
			);
			name = FlightReservationSystem;
			productName = FlightReservationSystem;
			productReference = F204D1D71BD60460000C164B /* FlightReservationSystem.app */;
			productType = "com.apple.product-type.application";
		};
		F204D1F21BD60460000C164B /* FlightReservationSystemTests */ = {
			isa = PBXNativeTarget;
			buildConfigurationList = F204D20A1BD60460000C164B /* Build configuration list for PBXNativeTarget "FlightReservationSystemTests" */;
			buildPhases = (
				035E75A54F44CFD3ED612554 /* [CP] Check Pods Manifest.lock */,
				F204D1EF1BD60460000C164B /* Sources */,
				F204D1F01BD60460000C164B /* Frameworks */,
				F204D1F11BD60460000C164B /* Resources */,
				866725D39F89F66B85EE5D07 /* [CP] Embed Pods Frameworks */,
				817D02814337E7ACB93ECDE8 /* [CP] Copy Pods Resources */,
			);
			buildRules = (
			);
			dependencies = (
				F204D1F51BD60460000C164B /* PBXTargetDependency */,
			);
			name = FlightReservationSystemTests;
			productName = FlightReservationSystemTests;
			productReference = F204D1F31BD60460000C164B /* FlightReservationSystemTests.xctest */;
			productType = "com.apple.product-type.bundle.unit-test";
		};
		F204D1FD1BD60460000C164B /* FlightReservationSystemUITests */ = {
			isa = PBXNativeTarget;
			buildConfigurationList = F204D20D1BD60460000C164B /* Build configuration list for PBXNativeTarget "FlightReservationSystemUITests" */;
			buildPhases = (
				774CD443146AC5A125E1B54E /* [CP] Check Pods Manifest.lock */,
				F204D1FA1BD60460000C164B /* Sources */,
				F204D1FB1BD60460000C164B /* Frameworks */,
				F204D1FC1BD60460000C164B /* Resources */,
				0CC948EA2E8D075A2FDF9D36 /* [CP] Embed Pods Frameworks */,
				A924777BCC708C56F4CE4115 /* [CP] Copy Pods Resources */,
			);
			buildRules = (
			);
			dependencies = (
				F204D2001BD60460000C164B /* PBXTargetDependency */,
			);
			name = FlightReservationSystemUITests;
			productName = FlightReservationSystemUITests;
			productReference = F204D1FE1BD60460000C164B /* FlightReservationSystemUITests.xctest */;
			productType = "com.apple.product-type.bundle.ui-testing";
		};
/* End PBXNativeTarget section */

/* Begin PBXProject section */
		F204D1CF1BD60460000C164B /* Project object */ = {
			isa = PBXProject;
			attributes = {
				CLASSPREFIX = FRS;
				LastUpgradeCheck = 0700;
				ORGANIZATIONNAME = "Revanth Kumar";
				TargetAttributes = {
					F204D1D61BD60460000C164B = {
						CreatedOnToolsVersion = 7.0;
						DevelopmentTeam = 45ZRJG229E;
					};
					F204D1F21BD60460000C164B = {
						CreatedOnToolsVersion = 7.0;
						DevelopmentTeam = 45ZRJG229E;
						TestTargetID = F204D1D61BD60460000C164B;
					};
					F204D1FD1BD60460000C164B = {
						CreatedOnToolsVersion = 7.0;
						DevelopmentTeam = 45ZRJG229E;
						TestTargetID = F204D1D61BD60460000C164B;
					};
				};
			};
			buildConfigurationList = F204D1D21BD60460000C164B /* Build configuration list for PBXProject "FlightReservationSystem" */;
			compatibilityVersion = "Xcode 3.2";
			developmentRegion = English;
			hasScannedForEncodings = 0;
			knownRegions = (
				en,
				Base,
			);
			mainGroup = F204D1CE1BD60460000C164B;
			productRefGroup = F204D1D81BD60460000C164B /* Products */;
			projectDirPath = "";
			projectRoot = "";
			targets = (
				F204D1D61BD60460000C164B /* FlightReservationSystem */,
				F204D1F21BD60460000C164B /* FlightReservationSystemTests */,
				F204D1FD1BD60460000C164B /* FlightReservationSystemUITests */,
			);
		};
/* End PBXProject section */

/* Begin PBXResourcesBuildPhase section */
		F204D1D51BD60460000C164B /* Resources */ = {
			isa = PBXResourcesBuildPhase;
			buildActionMask = 2147483647;
			files = (
				F204D1ED1BD60460000C164B /* LaunchScreen.storyboard in Resources */,
				F2BE00B91C0A93260004EDD4 /* TRSingleTextFieldTableViewCell.xib in Resources */,
				F222FAFC1C0A89D7001F6919 /* FRSFlightInfoTableViewCell.xib in Resources */,
				F204D1EA1BD60460000C164B /* Assets.xcassets in Resources */,
				F222FAF41C0A82A9001F6919 /* FRSFlightInfoView.xib in Resources */,
				F27B82211C0D79ED009CF06A /* FRSViewReservationTableViewCell.xib in Resources */,
				F204D1E51BD60460000C164B /* Main.storyboard in Resources */,
			);
			runOnlyForDeploymentPostprocessing = 0;
		};
		F204D1F11BD60460000C164B /* Resources */ = {
			isa = PBXResourcesBuildPhase;
			buildActionMask = 2147483647;
			files = (
			);
			runOnlyForDeploymentPostprocessing = 0;
		};
		F204D1FC1BD60460000C164B /* Resources */ = {
			isa = PBXResourcesBuildPhase;
			buildActionMask = 2147483647;
			files = (
			);
			runOnlyForDeploymentPostprocessing = 0;
		};
/* End PBXResourcesBuildPhase section */

/* Begin PBXShellScriptBuildPhase section */
		035E75A54F44CFD3ED612554 /* [CP] Check Pods Manifest.lock */ = {
			isa = PBXShellScriptBuildPhase;
			buildActionMask = 2147483647;
			files = (
			);
			inputPaths = (
			);
			name = "[CP] Check Pods Manifest.lock";
			outputPaths = (
			);
			runOnlyForDeploymentPostprocessing = 0;
			shellPath = /bin/sh;
			shellScript = "diff \"${PODS_ROOT}/../Podfile.lock\" \"${PODS_ROOT}/Manifest.lock\" > /dev/null\nif [ $? != 0 ] ; then\n    # print error to STDERR\n    echo \"error: The sandbox is not in sync with the Podfile.lock. Run 'pod install' or update your CocoaPods installation.\" >&2\n    exit 1\nfi\n";
			showEnvVarsInLog = 0;
		};
		0CC948EA2E8D075A2FDF9D36 /* [CP] Embed Pods Frameworks */ = {
			isa = PBXShellScriptBuildPhase;
			buildActionMask = 2147483647;
			files = (
			);
			inputPaths = (
			);
			name = "[CP] Embed Pods Frameworks";
			outputPaths = (
			);
			runOnlyForDeploymentPostprocessing = 0;
			shellPath = /bin/sh;
			shellScript = "\"${SRCROOT}/Pods/Target Support Files/Pods-FlightReservationSystemUITests/Pods-FlightReservationSystemUITests-frameworks.sh\"\n";
			showEnvVarsInLog = 0;
		};
		774CD443146AC5A125E1B54E /* [CP] Check Pods Manifest.lock */ = {
			isa = PBXShellScriptBuildPhase;
			buildActionMask = 2147483647;
			files = (
			);
			inputPaths = (
			);
			name = "[CP] Check Pods Manifest.lock";
			outputPaths = (
			);
			runOnlyForDeploymentPostprocessing = 0;
			shellPath = /bin/sh;
			shellScript = "diff \"${PODS_ROOT}/../Podfile.lock\" \"${PODS_ROOT}/Manifest.lock\" > /dev/null\nif [ $? != 0 ] ; then\n    # print error to STDERR\n    echo \"error: The sandbox is not in sync with the Podfile.lock. Run 'pod install' or update your CocoaPods installation.\" >&2\n    exit 1\nfi\n";
			showEnvVarsInLog = 0;
		};
		817D02814337E7ACB93ECDE8 /* [CP] Copy Pods Resources */ = {
			isa = PBXShellScriptBuildPhase;
			buildActionMask = 2147483647;
			files = (
			);
			inputPaths = (
			);
			name = "[CP] Copy Pods Resources";
			outputPaths = (
			);
			runOnlyForDeploymentPostprocessing = 0;
			shellPath = /bin/sh;
			shellScript = "\"${SRCROOT}/Pods/Target Support Files/Pods-FlightReservationSystemTests/Pods-FlightReservationSystemTests-resources.sh\"\n";
			showEnvVarsInLog = 0;
		};
		866725D39F89F66B85EE5D07 /* [CP] Embed Pods Frameworks */ = {
			isa = PBXShellScriptBuildPhase;
			buildActionMask = 2147483647;
			files = (
			);
			inputPaths = (
			);
			name = "[CP] Embed Pods Frameworks";
			outputPaths = (
			);
			runOnlyForDeploymentPostprocessing = 0;
			shellPath = /bin/sh;
			shellScript = "\"${SRCROOT}/Pods/Target Support Files/Pods-FlightReservationSystemTests/Pods-FlightReservationSystemTests-frameworks.sh\"\n";
			showEnvVarsInLog = 0;
		};
		8CE81FC076974DFEAECFE2CE /* [CP] Copy Pods Resources */ = {
			isa = PBXShellScriptBuildPhase;
			buildActionMask = 2147483647;
			files = (
			);
			inputPaths = (
			);
			name = "[CP] Copy Pods Resources";
			outputPaths = (
			);
			runOnlyForDeploymentPostprocessing = 0;
			shellPath = /bin/sh;
			shellScript = "\"${SRCROOT}/Pods/Target Support Files/Pods-FlightReservationSystem/Pods-FlightReservationSystem-resources.sh\"\n";
			showEnvVarsInLog = 0;
		};
		91F79C723E3C2B0DEA052742 /* [CP] Check Pods Manifest.lock */ = {
			isa = PBXShellScriptBuildPhase;
			buildActionMask = 2147483647;
			files = (
			);
			inputPaths = (
			);
			name = "[CP] Check Pods Manifest.lock";
			outputPaths = (
			);
			runOnlyForDeploymentPostprocessing = 0;
			shellPath = /bin/sh;
			shellScript = "diff \"${PODS_ROOT}/../Podfile.lock\" \"${PODS_ROOT}/Manifest.lock\" > /dev/null\nif [ $? != 0 ] ; then\n    # print error to STDERR\n    echo \"error: The sandbox is not in sync with the Podfile.lock. Run 'pod install' or update your CocoaPods installation.\" >&2\n    exit 1\nfi\n";
			showEnvVarsInLog = 0;
		};
		A924777BCC708C56F4CE4115 /* [CP] Copy Pods Resources */ = {
			isa = PBXShellScriptBuildPhase;
			buildActionMask = 2147483647;
			files = (
			);
			inputPaths = (
			);
			name = "[CP] Copy Pods Resources";
			outputPaths = (
			);
			runOnlyForDeploymentPostprocessing = 0;
			shellPath = /bin/sh;
			shellScript = "\"${SRCROOT}/Pods/Target Support Files/Pods-FlightReservationSystemUITests/Pods-FlightReservationSystemUITests-resources.sh\"\n";
			showEnvVarsInLog = 0;
		};
		B071B625A95A811CB77D5DE3 /* [CP] Embed Pods Frameworks */ = {
			isa = PBXShellScriptBuildPhase;
			buildActionMask = 2147483647;
			files = (
			);
			inputPaths = (
			);
			name = "[CP] Embed Pods Frameworks";
			outputPaths = (
			);
			runOnlyForDeploymentPostprocessing = 0;
			shellPath = /bin/sh;
			shellScript = "\"${SRCROOT}/Pods/Target Support Files/Pods-FlightReservationSystem/Pods-FlightReservationSystem-frameworks.sh\"\n";
			showEnvVarsInLog = 0;
		};
		F202E9BC1DD6B49F0060CE9E /* ShellScript */ = {
			isa = PBXShellScriptBuildPhase;
			buildActionMask = 2147483647;
			files = (
			);
			inputPaths = (
			);
			outputPaths = (
			);
			runOnlyForDeploymentPostprocessing = 0;
			shellPath = /bin/sh;
			shellScript = "\"${PODS_ROOT}/Fabric/run\" 0fb1d188590a1704a013fb6dc28488e8eb2a616f 2d7c3674e8df3e648525dd6a2d1648b8d11eb3cf648bc73a7317782c095996f5";
		};
/* End PBXShellScriptBuildPhase section */

/* Begin PBXSourcesBuildPhase section */
		F204D1D31BD60460000C164B /* Sources */ = {
			isa = PBXSourcesBuildPhase;
			buildActionMask = 2147483647;
			files = (
				F204D1E21BD60460000C164B /* FRSLandingViewController.m in Sources */,
				F24472CA1C05A96400B91B41 /* FRSHomeViewController.m in Sources */,
				F27B822B1C0D9A07009CF06A /* FRSAdminAirportsViewController.m in Sources */,
				F204D1E81BD60460000C164B /* FlightReservationSystem.xcdatamodeld in Sources */,
				F204D1DF1BD60460000C164B /* AppDelegate.m in Sources */,
				F24472BD1C05955400B91B41 /* FRSBaseViewController.m in Sources */,
				B6F573341C0684890049594A /* FRSAdminAddAirportViewController.m in Sources */,
				F24472C31C05958D00B91B41 /* FRSForgotPasswordViewController.m in Sources */,
				F2BE00C31C0AA6090004EDD4 /* FRSAirport.m in Sources */,
				F2CB44391C07B217008E6134 /* FRSNetworkingManager.m in Sources */,
				F2CB443F1C07B2F7008E6134 /* FRSResponseModel.m in Sources */,
				F27B82281C0D99E0009CF06A /* FRSAdminFlightsViewController.m in Sources */,
				F2CB444D1C07BBDD008E6134 /* FRSUser.m in Sources */,
				F2CB44511C07C636008E6134 /* FRSProgressHUD.m in Sources */,
				F2BE00C61C0AA7B20004EDD4 /* FRSAirportsResponse.m in Sources */,
				F27B82201C0D79ED009CF06A /* FRSViewReservationTableViewCell.m in Sources */,
				B6F5732E1C0677010049594A /* FRSAdminHomeViewController.m in Sources */,
				F27B821C1C0D77FB009CF06A /* FRSViewReservationsViewController.m in Sources */,
				F2BE00C91C0AB3B80004EDD4 /* FRSFlightsResponse.m in Sources */,
				F2CB444C1C07BBDD008E6134 /* FRSLoginResponse.m in Sources */,
				F24472C71C05A52B00B91B41 /* FRSChangePasswordViewController.m in Sources */,
				F24472CD1C05C74A00B91B41 /* FRSPaymentViewController.m in Sources */,
				F27B82191C0D7695009CF06A /* FRSViewReservationsResponse.m in Sources */,
				F222FAFB1C0A89D7001F6919 /* FRSFlightInfoTableViewCell.m in Sources */,
				F24472C01C05957700B91B41 /* FRSSignUpViewController.m in Sources */,
				F222FAF21C0A8281001F6919 /* FRSFlightInfoView.m in Sources */,
				F27B82241C0D8452009CF06A /* FRSReservationDetailViewController.m in Sources */,
				F204D1DC1BD60460000C164B /* main.m in Sources */,
				F2CB443C1C07B2E6008E6134 /* FRSBaseModel.m in Sources */,
				B6019EAF1C0A7FAE006BBE92 /* FRSReservationStep2Viewcontroller.m in Sources */,
				F222FAF71C0A8608001F6919 /* FRSAvailableFlightsListViewController.m in Sources */,
				F2BE00BD1C0A9C510004EDD4 /* FRSReservation.m in Sources */,
				F2BE00C01C0A9C680004EDD4 /* FRSFlight.m in Sources */,
				F2BE00B81C0A93260004EDD4 /* TRSingleTextFieldTableViewCell.m in Sources */,
				F2BE00B71C0A93260004EDD4 /* TRSingleLineTextFieldCellVM.m in Sources */,
				F2CB44441C07B799008E6134 /* NSString+Validity.m in Sources */,
				B6F573311C0680130049594A /* FRSAdminAddFlightViewController.m in Sources */,
			);
			runOnlyForDeploymentPostprocessing = 0;
		};
		F204D1EF1BD60460000C164B /* Sources */ = {
			isa = PBXSourcesBuildPhase;
			buildActionMask = 2147483647;
			files = (
				F204D1F81BD60460000C164B /* FlightReservationSystemTests.m in Sources */,
			);
			runOnlyForDeploymentPostprocessing = 0;
		};
		F204D1FA1BD60460000C164B /* Sources */ = {
			isa = PBXSourcesBuildPhase;
			buildActionMask = 2147483647;
			files = (
				F204D2031BD60460000C164B /* FlightReservationSystemUITests.m in Sources */,
			);
			runOnlyForDeploymentPostprocessing = 0;
		};
/* End PBXSourcesBuildPhase section */

/* Begin PBXTargetDependency section */
		F204D1F51BD60460000C164B /* PBXTargetDependency */ = {
			isa = PBXTargetDependency;
			target = F204D1D61BD60460000C164B /* FlightReservationSystem */;
			targetProxy = F204D1F41BD60460000C164B /* PBXContainerItemProxy */;
		};
		F204D2001BD60460000C164B /* PBXTargetDependency */ = {
			isa = PBXTargetDependency;
			target = F204D1D61BD60460000C164B /* FlightReservationSystem */;
			targetProxy = F204D1FF1BD60460000C164B /* PBXContainerItemProxy */;
		};
/* End PBXTargetDependency section */

/* Begin PBXVariantGroup section */
		F204D1E31BD60460000C164B /* Main.storyboard */ = {
			isa = PBXVariantGroup;
			children = (
				F204D1E41BD60460000C164B /* Base */,
			);
			name = Main.storyboard;
			sourceTree = "<group>";
		};
		F204D1EB1BD60460000C164B /* LaunchScreen.storyboard */ = {
			isa = PBXVariantGroup;
			children = (
				F204D1EC1BD60460000C164B /* Base */,
			);
			name = LaunchScreen.storyboard;
			sourceTree = "<group>";
		};
/* End PBXVariantGroup section */

/* Begin XCBuildConfiguration section */
		F204D2051BD60460000C164B /* Debug */ = {
			isa = XCBuildConfiguration;
			buildSettings = {
				ALWAYS_SEARCH_USER_PATHS = NO;
				CLANG_CXX_LANGUAGE_STANDARD = "gnu++0x";
				CLANG_CXX_LIBRARY = "libc++";
				CLANG_ENABLE_MODULES = YES;
				CLANG_ENABLE_OBJC_ARC = YES;
				CLANG_WARN_BOOL_CONVERSION = YES;
				CLANG_WARN_CONSTANT_CONVERSION = YES;
				CLANG_WARN_DIRECT_OBJC_ISA_USAGE = YES_ERROR;
				CLANG_WARN_EMPTY_BODY = YES;
				CLANG_WARN_ENUM_CONVERSION = YES;
				CLANG_WARN_INT_CONVERSION = YES;
				CLANG_WARN_OBJC_ROOT_CLASS = YES_ERROR;
				CLANG_WARN_UNREACHABLE_CODE = YES;
				CLANG_WARN__DUPLICATE_METHOD_MATCH = YES;
				"CODE_SIGN_IDENTITY[sdk=iphoneos*]" = "iPhone Developer";
				COPY_PHASE_STRIP = NO;
				DEBUG_INFORMATION_FORMAT = dwarf;
				ENABLE_STRICT_OBJC_MSGSEND = YES;
				ENABLE_TESTABILITY = YES;
				GCC_C_LANGUAGE_STANDARD = gnu99;
				GCC_DYNAMIC_NO_PIC = NO;
				GCC_NO_COMMON_BLOCKS = YES;
				GCC_OPTIMIZATION_LEVEL = 0;
				GCC_PREPROCESSOR_DEFINITIONS = (
					"DEBUG=1",
					"$(inherited)",
				);
				GCC_WARN_64_TO_32_BIT_CONVERSION = YES;
				GCC_WARN_ABOUT_RETURN_TYPE = YES_ERROR;
				GCC_WARN_UNDECLARED_SELECTOR = YES;
				GCC_WARN_UNINITIALIZED_AUTOS = YES_AGGRESSIVE;
				GCC_WARN_UNUSED_FUNCTION = YES;
				GCC_WARN_UNUSED_VARIABLE = YES;
				IPHONEOS_DEPLOYMENT_TARGET = 9.0;
				MTL_ENABLE_DEBUG_INFO = YES;
				ONLY_ACTIVE_ARCH = YES;
				SDKROOT = iphoneos;
			};
			name = Debug;
		};
		F204D2061BD60460000C164B /* Release */ = {
			isa = XCBuildConfiguration;
			buildSettings = {
				ALWAYS_SEARCH_USER_PATHS = NO;
				CLANG_CXX_LANGUAGE_STANDARD = "gnu++0x";
				CLANG_CXX_LIBRARY = "libc++";
				CLANG_ENABLE_MODULES = YES;
				CLANG_ENABLE_OBJC_ARC = YES;
				CLANG_WARN_BOOL_CONVERSION = YES;
				CLANG_WARN_CONSTANT_CONVERSION = YES;
				CLANG_WARN_DIRECT_OBJC_ISA_USAGE = YES_ERROR;
				CLANG_WARN_EMPTY_BODY = YES;
				CLANG_WARN_ENUM_CONVERSION = YES;
				CLANG_WARN_INT_CONVERSION = YES;
				CLANG_WARN_OBJC_ROOT_CLASS = YES_ERROR;
				CLANG_WARN_UNREACHABLE_CODE = YES;
				CLANG_WARN__DUPLICATE_METHOD_MATCH = YES;
				"CODE_SIGN_IDENTITY[sdk=iphoneos*]" = "iPhone Developer";
				COPY_PHASE_STRIP = NO;
				DEBUG_INFORMATION_FORMAT = "dwarf-with-dsym";
				ENABLE_NS_ASSERTIONS = NO;
				ENABLE_STRICT_OBJC_MSGSEND = YES;
				GCC_C_LANGUAGE_STANDARD = gnu99;
				GCC_NO_COMMON_BLOCKS = YES;
				GCC_WARN_64_TO_32_BIT_CONVERSION = YES;
				GCC_WARN_ABOUT_RETURN_TYPE = YES_ERROR;
				GCC_WARN_UNDECLARED_SELECTOR = YES;
				GCC_WARN_UNINITIALIZED_AUTOS = YES_AGGRESSIVE;
				GCC_WARN_UNUSED_FUNCTION = YES;
				GCC_WARN_UNUSED_VARIABLE = YES;
				IPHONEOS_DEPLOYMENT_TARGET = 9.0;
				MTL_ENABLE_DEBUG_INFO = NO;
				SDKROOT = iphoneos;
				VALIDATE_PRODUCT = YES;
			};
			name = Release;
		};
		F204D2081BD60460000C164B /* Debug */ = {
			isa = XCBuildConfiguration;
			baseConfigurationReference = ABAB615F35571B6D4695E12D /* Pods-FlightReservationSystem.debug.xcconfig */;
			buildSettings = {
				ASSETCATALOG_COMPILER_APPICON_NAME = AppIcon;
				CODE_SIGN_IDENTITY = "iPhone Developer";
				"CODE_SIGN_IDENTITY[sdk=iphoneos*]" = "iPhone Developer";
				DEBUG_INFORMATION_FORMAT = "dwarf-with-dsym";
				GCC_PRECOMPILE_PREFIX_HEADER = YES;
				GCC_PREFIX_HEADER = "FlightReservationSystem/FlightReservationSystem-PrefixHeader.pch";
				INFOPLIST_FILE = FlightReservationSystem/Info.plist;
				IPHONEOS_DEPLOYMENT_TARGET = 8.0;
				LD_RUNPATH_SEARCH_PATHS = "$(inherited) @executable_path/Frameworks";
				PRODUCT_BUNDLE_IDENTIFIER = com.revanth.FlightReservationSystem;
				PRODUCT_NAME = "$(TARGET_NAME)";
				PROVISIONING_PROFILE = "";
				TARGETED_DEVICE_FAMILY = 1;
			};
			name = Debug;
		};
		F204D2091BD60460000C164B /* Release */ = {
			isa = XCBuildConfiguration;
			baseConfigurationReference = 2B45A9567351B595E8541D5C /* Pods-FlightReservationSystem.release.xcconfig */;
			buildSettings = {
				ASSETCATALOG_COMPILER_APPICON_NAME = AppIcon;
				CODE_SIGN_IDENTITY = "iPhone Developer";
				"CODE_SIGN_IDENTITY[sdk=iphoneos*]" = "iPhone Developer";
				GCC_PRECOMPILE_PREFIX_HEADER = YES;
				GCC_PREFIX_HEADER = "FlightReservationSystem/FlightReservationSystem-PrefixHeader.pch";
				INFOPLIST_FILE = FlightReservationSystem/Info.plist;
				IPHONEOS_DEPLOYMENT_TARGET = 8.0;
				LD_RUNPATH_SEARCH_PATHS = "$(inherited) @executable_path/Frameworks";
				PRODUCT_BUNDLE_IDENTIFIER = com.revanth.FlightReservationSystem;
				PRODUCT_NAME = "$(TARGET_NAME)";
				PROVISIONING_PROFILE = "";
				TARGETED_DEVICE_FAMILY = 1;
			};
			name = Release;
		};
		F204D20B1BD60460000C164B /* Debug */ = {
			isa = XCBuildConfiguration;
			baseConfigurationReference = 9747ED98DAF2CA66C33A5013 /* Pods-FlightReservationSystemTests.debug.xcconfig */;
			buildSettings = {
				BUNDLE_LOADER = "$(TEST_HOST)";
				INFOPLIST_FILE = FlightReservationSystemTests/Info.plist;
				LD_RUNPATH_SEARCH_PATHS = "$(inherited) @executable_path/Frameworks @loader_path/Frameworks";
				PRODUCT_BUNDLE_IDENTIFIER = com.revanth.FlightReservationSystemTests;
				PRODUCT_NAME = "$(TARGET_NAME)";
				TEST_HOST = "$(BUILT_PRODUCTS_DIR)/FlightReservationSystem.app/FlightReservationSystem";
			};
			name = Debug;
		};
		F204D20C1BD60460000C164B /* Release */ = {
			isa = XCBuildConfiguration;
			baseConfigurationReference = 533FB288B3E14B71041FBF2B /* Pods-FlightReservationSystemTests.release.xcconfig */;
			buildSettings = {
				BUNDLE_LOADER = "$(TEST_HOST)";
				INFOPLIST_FILE = FlightReservationSystemTests/Info.plist;
				LD_RUNPATH_SEARCH_PATHS = "$(inherited) @executable_path/Frameworks @loader_path/Frameworks";
				PRODUCT_BUNDLE_IDENTIFIER = com.revanth.FlightReservationSystemTests;
				PRODUCT_NAME = "$(TARGET_NAME)";
				TEST_HOST = "$(BUILT_PRODUCTS_DIR)/FlightReservationSystem.app/FlightReservationSystem";
			};
			name = Release;
		};
		F204D20E1BD60460000C164B /* Debug */ = {
			isa = XCBuildConfiguration;
			baseConfigurationReference = F56ECC2F009883E8C18AA587 /* Pods-FlightReservationSystemUITests.debug.xcconfig */;
			buildSettings = {
				INFOPLIST_FILE = FlightReservationSystemUITests/Info.plist;
				LD_RUNPATH_SEARCH_PATHS = "$(inherited) @executable_path/Frameworks @loader_path/Frameworks";
				PRODUCT_BUNDLE_IDENTIFIER = com.revanth.FlightReservationSystemUITests;
				PRODUCT_NAME = "$(TARGET_NAME)";
				TEST_TARGET_NAME = FlightReservationSystem;
				USES_XCTRUNNER = YES;
			};
			name = Debug;
		};
		F204D20F1BD60460000C164B /* Release */ = {
			isa = XCBuildConfiguration;
			baseConfigurationReference = 40B3532C4D1CA57057D36AF5 /* Pods-FlightReservationSystemUITests.release.xcconfig */;
			buildSettings = {
				INFOPLIST_FILE = FlightReservationSystemUITests/Info.plist;
				LD_RUNPATH_SEARCH_PATHS = "$(inherited) @executable_path/Frameworks @loader_path/Frameworks";
				PRODUCT_BUNDLE_IDENTIFIER = com.revanth.FlightReservationSystemUITests;
				PRODUCT_NAME = "$(TARGET_NAME)";
				TEST_TARGET_NAME = FlightReservationSystem;
				USES_XCTRUNNER = YES;
			};
			name = Release;
		};
/* End XCBuildConfiguration section */

/* Begin XCConfigurationList section */
		F204D1D21BD60460000C164B /* Build configuration list for PBXProject "FlightReservationSystem" */ = {
			isa = XCConfigurationList;
			buildConfigurations = (
				F204D2051BD60460000C164B /* Debug */,
				F204D2061BD60460000C164B /* Release */,
			);
			defaultConfigurationIsVisible = 0;
			defaultConfigurationName = Release;
		};
		F204D2071BD60460000C164B /* Build configuration list for PBXNativeTarget "FlightReservationSystem" */ = {
			isa = XCConfigurationList;
			buildConfigurations = (
				F204D2081BD60460000C164B /* Debug */,
				F204D2091BD60460000C164B /* Release */,
			);
			defaultConfigurationIsVisible = 0;
			defaultConfigurationName = Release;
		};
		F204D20A1BD60460000C164B /* Build configuration list for PBXNativeTarget "FlightReservationSystemTests" */ = {
			isa = XCConfigurationList;
			buildConfigurations = (
				F204D20B1BD60460000C164B /* Debug */,
				F204D20C1BD60460000C164B /* Release */,
			);
			defaultConfigurationIsVisible = 0;
			defaultConfigurationName = Release;
		};
		F204D20D1BD60460000C164B /* Build configuration list for PBXNativeTarget "FlightReservationSystemUITests" */ = {
			isa = XCConfigurationList;
			buildConfigurations = (
				F204D20E1BD60460000C164B /* Debug */,
				F204D20F1BD60460000C164B /* Release */,
			);
			defaultConfigurationIsVisible = 0;
			defaultConfigurationName = Release;
		};
/* End XCConfigurationList section */

/* Begin XCVersionGroup section */
		F204D1E61BD60460000C164B /* FlightReservationSystem.xcdatamodeld */ = {
			isa = XCVersionGroup;
			children = (
				F204D1E71BD60460000C164B /* FlightReservationSystem.xcdatamodel */,
			);
			currentVersion = F204D1E71BD60460000C164B /* FlightReservationSystem.xcdatamodel */;
			path = FlightReservationSystem.xcdatamodeld;
			sourceTree = "<group>";
			versionGroupType = wrapper.xcdatamodel;
		};
/* End XCVersionGroup section */
	};
	rootObject = F204D1CF1BD60460000C164B /* Project object */;
}
